// !$*UTF8*$!
{
	archiveVersion = 1;
	classes = {
	};
	objectVersion = 48;
	objects = {

/* Begin PBXBuildFile section */
		493AFF291FBACB6700F99B71 /* AppDelegate.swift in Sources */ = {isa = PBXBuildFile; fileRef = 493AFF281FBACB6700F99B71 /* AppDelegate.swift */; };
		493AFF2B1FBACB6700F99B71 /* ViewController.swift in Sources */ = {isa = PBXBuildFile; fileRef = 493AFF2A1FBACB6700F99B71 /* ViewController.swift */; };
		493AFF2E1FBACB6700F99B71 /* Main.storyboard in Resources */ = {isa = PBXBuildFile; fileRef = 493AFF2C1FBACB6700F99B71 /* Main.storyboard */; };
		493AFF301FBACB6700F99B71 /* Assets.xcassets in Resources */ = {isa = PBXBuildFile; fileRef = 493AFF2F1FBACB6700F99B71 /* Assets.xcassets */; };
		493AFF331FBACB6700F99B71 /* LaunchScreen.storyboard in Resources */ = {isa = PBXBuildFile; fileRef = 493AFF311FBACB6700F99B71 /* LaunchScreen.storyboard */; };
/* End PBXBuildFile section */

/* Begin PBXFileReference section */
		493AFF251FBACB6700F99B71 /* Parquility.app */ = {isa = PBXFileReference; explicitFileType = wrapper.application; includeInIndex = 0; path = Parquility.app; sourceTree = BUILT_PRODUCTS_DIR; };
		493AFF281FBACB6700F99B71 /* AppDelegate.swift */ = {isa = PBXFileReference; lastKnownFileType = sourcecode.swift; path = AppDelegate.swift; sourceTree = "<group>"; };
		493AFF2A1FBACB6700F99B71 /* ViewController.swift */ = {isa = PBXFileReference; lastKnownFileType = sourcecode.swift; path = ViewController.swift; sourceTree = "<group>"; };
		493AFF2D1FBACB6700F99B71 /* Base */ = {isa = PBXFileReference; lastKnownFileType = file.storyboard; name = Base; path = Base.lproj/Main.storyboard; sourceTree = "<group>"; };
		493AFF2F1FBACB6700F99B71 /* Assets.xcassets */ = {isa = PBXFileReference; lastKnownFileType = folder.assetcatalog; path = Assets.xcassets; sourceTree = "<group>"; };
		493AFF321FBACB6700F99B71 /* Base */ = {isa = PBXFileReference; lastKnownFileType = file.storyboard; name = Base; path = Base.lproj/LaunchScreen.storyboard; sourceTree = "<group>"; };
		493AFF341FBACB6700F99B71 /* Info.plist */ = {isa = PBXFileReference; lastKnownFileType = text.plist.xml; path = Info.plist; sourceTree = "<group>"; };
/* End PBXFileReference section */

/* Begin PBXFrameworksBuildPhase section */
		493AFF221FBACB6700F99B71 /* Frameworks */ = {
			isa = PBXFrameworksBuildPhase;
			buildActionMask = 2147483647;
			files = (
			);
			runOnlyForDeploymentPostprocessing = 0;
		};
/* End PBXFrameworksBuildPhase section */

/* Begin PBXGroup section */
		493AFF1C1FBACB6600F99B71 = {
			isa = PBXGroup;
			children = (
				493AFF271FBACB6700F99B71 /* Parquility */,
				493AFF261FBACB6700F99B71 /* Products */,
			);
			sourceTree = "<group>";
		};
		493AFF261FBACB6700F99B71 /* Products */ = {
			isa = PBXGroup;
			children = (
				493AFF251FBACB6700F99B71 /* Parquility.app */,
			);
			name = Products;
			sourceTree = "<group>";
		};
		493AFF271FBACB6700F99B71 /* Parquility */ = {
			isa = PBXGroup;
			children = (
				493AFF281FBACB6700F99B71 /* AppDelegate.swift */,
				493AFF2A1FBACB6700F99B71 /* ViewController.swift */,
				493AFF2C1FBACB6700F99B71 /* Main.storyboard */,
				493AFF2F1FBACB6700F99B71 /* Assets.xcassets */,
				493AFF311FBACB6700F99B71 /* LaunchScreen.storyboard */,
				493AFF341FBACB6700F99B71 /* Info.plist */,
			);
			path = Parquility;
			sourceTree = "<group>";
		};
/* End PBXGroup section */

/* Begin PBXNativeTarget section */
		493AFF241FBACB6700F99B71 /* Parquility */ = {
			isa = PBXNativeTarget;
			buildConfigurationList = 493AFF371FBACB6700F99B71 /* Build configuration list for PBXNativeTarget "Parquility" */;
			buildPhases = (
				493AFF211FBACB6700F99B71 /* Sources */,
				493AFF221FBACB6700F99B71 /* Frameworks */,
				493AFF231FBACB6700F99B71 /* Resources */,
			);
			buildRules = (
			);
			dependencies = (
			);
			name = Parquility;
			productName = Parquility;
			productReference = 493AFF251FBACB6700F99B71 /* Parquility.app */;
			productType = "com.apple.product-type.application";
		};
/* End PBXNativeTarget section */

/* Begin PBXProject section */
		493AFF1D1FBACB6600F99B71 /* Project object */ = {
			isa = PBXProject;
			attributes = {
				LastSwiftUpdateCheck = 0900;
				LastUpgradeCheck = 0900;
				ORGANIZATIONNAME = "Pankaj Kunwar";
				TargetAttributes = {
					493AFF241FBACB6700F99B71 = {
						CreatedOnToolsVersion = 9.0;
						ProvisioningStyle = Automatic;
					};
				};
			};
			buildConfigurationList = 493AFF201FBACB6600F99B71 /* Build configuration list for PBXProject "Parquility" */;
			compatibilityVersion = "Xcode 8.0";
			developmentRegion = en;
			hasScannedForEncodings = 0;
			knownRegions = (
				en,
				Base,
			);
			mainGroup = 493AFF1C1FBACB6600F99B71;
			productRefGroup = 493AFF261FBACB6700F99B71 /* Products */;
			projectDirPath = "";
			projectRoot = "";
			targets = (
				493AFF241FBACB6700F99B71 /* Parquility */,
			);
		};
/* End PBXProject section */

/* Begin PBXResourcesBuildPhase section */
		493AFF231FBACB6700F99B71 /* Resources */ = {
			isa = PBXResourcesBuildPhase;
			buildActionMask = 2147483647;
			files = (
				493AFF331FBACB6700F99B71 /* LaunchScreen.storyboard in Resources */,
				493AFF301FBACB6700F99B71 /* Assets.xcassets in Resources */,
				493AFF2E1FBACB6700F99B71 /* Main.storyboard in Resources */,
			);
			runOnlyForDeploymentPostprocessing = 0;
		};
/* End PBXResourcesBuildPhase section */

/* Begin PBXSourcesBuildPhase section */
		493AFF211FBACB6700F99B71 /* Sources */ = {
			isa = PBXSourcesBuildPhase;
			buildActionMask = 2147483647;
			files = (
				493AFF2B1FBACB6700F99B71 /* ViewController.swift in Sources */,
				493AFF291FBACB6700F99B71 /* AppDelegate.swift in Sources */,
			);
			runOnlyForDeploymentPostprocessing = 0;
		};
/* End PBXSourcesBuildPhase section */

/* Begin PBXVariantGroup section */
		493AFF2C1FBACB6700F99B71 /* Main.storyboard */ = {
			isa = PBXVariantGroup;
			children = (
				493AFF2D1FBACB6700F99B71 /* Base */,
			);
			name = Main.storyboard;
			sourceTree = "<group>";
		};
		493AFF311FBACB6700F99B71 /* LaunchScreen.storyboard */ = {
			isa = PBXVariantGroup;
			children = (
				493AFF321FBACB6700F99B71 /* Base */,
			);
			name = LaunchScreen.storyboard;
			sourceTree = "<group>";
		};
/* End PBXVariantGroup section */

/* Begin XCBuildConfiguration section */
		493AFF351FBACB6700F99B71 /* Debug */ = {
			isa = XCBuildConfiguration;
			buildSettings = {
				ALWAYS_SEARCH_USER_PATHS = NO;
				CLANG_ANALYZER_NONNULL = YES;
				CLANG_ANALYZER_NUMBER_OBJECT_CONVERSION = YES_AGGRESSIVE;
				CLANG_CXX_LANGUAGE_STANDARD = "gnu++14";
				CLANG_CXX_LIBRARY = "libc++";
				CLANG_ENABLE_MODULES = YES;
				CLANG_ENABLE_OBJC_ARC = YES;
				CLANG_WARN_BLOCK_CAPTURE_AUTORELEASING = YES;
				CLANG_WARN_BOOL_CONVERSION = YES;
				CLANG_WARN_COMMA = YES;
				CLANG_WARN_CONSTANT_CONVERSION = YES;
				CLANG_WARN_DIRECT_OBJC_ISA_USAGE = YES_ERROR;
				CLANG_WARN_DOCUMENTATION_COMMENTS = YES;
				CLANG_WARN_EMPTY_BODY = YES;
				CLANG_WARN_ENUM_CONVERSION = YES;
				CLANG_WARN_INFINITE_RECURSION = YES;
				CLANG_WARN_INT_CONVERSION = YES;
				CLANG_WARN_NON_LITERAL_NULL_CONVERSION = YES;
				CLANG_WARN_OBJC_LITERAL_CONVERSION = YES;
				CLANG_WARN_OBJC_ROOT_CLASS = YES_ERROR;
				CLANG_WARN_RANGE_LOOP_ANALYSIS = YES;
				CLANG_WARN_STRICT_PROTOTYPES = YES;
				CLANG_WARN_SUSPICIOUS_MOVE = YES;
				CLANG_WARN_UNGUARDED_AVAILABILITY = YES_AGGRESSIVE;
				CLANG_WARN_UNREACHABLE_CODE = YES;
				CLANG_WARN__DUPLICATE_METHOD_MATCH = YES;
				CODE_SIGN_IDENTITY = "iPhone Developer";
				COPY_PHASE_STRIP = NO;
				DEBUG_INFORMATION_FORMAT = dwarf;
				ENABLE_STRICT_OBJC_MSGSEND = YES;
				ENABLE_TESTABILITY = YES;
				GCC_C_LANGUAGE_STANDARD = gnu11;
				GCC_DYNAMIC_NO_PIC = NO;
				GCC_NO_COMMON_BLOCKS = YES;
				GCC_OPTIMIZATION_LEVEL = 0;
				GCC_PREPROCESSOR_DEFINITIONS = (
					"DEBUG=1",
					"$(inherited)",
				);
				GCC_WARN_64_TO_32_BIT_CONVERSION = YES;
				GCC_WARN_ABOUT_RETURN_TYPE = YES_ERROR;
				GCC_WARN_UNDECLARED_SELECTOR = YES;
				GCC_WARN_UNINITIALIZED_AUTOS = YES_AGGRESSIVE;
				GCC_WARN_UNUSED_FUNCTION = YES;
				GCC_WARN_UNUSED_VARIABLE = YES;
				IPHONEOS_DEPLOYMENT_TARGET = 11.0;
				MTL_ENABLE_DEBUG_INFO = YES;
				ONLY_ACTIVE_ARCH = YES;
				SDKROOT = iphoneos;
				SWIFT_ACTIVE_COMPILATION_CONDITIONS = DEBUG;
				SWIFT_OPTIMIZATION_LEVEL = "-Onone";
			};
			name = Debug;
		};
		493AFF361FBACB6700F99B71 /* Release */ = {
			isa = XCBuildConfiguration;
			buildSettings = {
				ALWAYS_SEARCH_USER_PATHS = NO;
				CLANG_ANALYZER_NONNULL = YES;
				CLANG_ANALYZER_NUMBER_OBJECT_CONVERSION = YES_AGGRESSIVE;
				CLANG_CXX_LANGUAGE_STANDARD = "gnu++14";
				CLANG_CXX_LIBRARY = "libc++";
				CLANG_ENABLE_MODULES = YES;
				CLANG_ENABLE_OBJC_ARC = YES;
				CLANG_WARN_BLOCK_CAPTURE_AUTORELEASING = YES;
				CLANG_WARN_BOOL_CONVERSION = YES;
				CLANG_WARN_COMMA = YES;
				CLANG_WARN_CONSTANT_CONVERSION = YES;
				CLANG_WARN_DIRECT_OBJC_ISA_USAGE = YES_ERROR;
				CLANG_WARN_DOCUMENTATION_COMMENTS = YES;
				CLANG_WARN_EMPTY_BODY = YES;
				CLANG_WARN_ENUM_CONVERSION = YES;
				CLANG_WARN_INFINITE_RECURSION = YES;
				CLANG_WARN_INT_CONVERSION = YES;
				CLANG_WARN_NON_LITERAL_NULL_CONVERSION = YES;
				CLANG_WARN_OBJC_LITERAL_CONVERSION = YES;
				CLANG_WARN_OBJC_ROOT_CLASS = YES_ERROR;
				CLANG_WARN_RANGE_LOOP_ANALYSIS = YES;
				CLANG_WARN_STRICT_PROTOTYPES = YES;
				CLANG_WARN_SUSPICIOUS_MOVE = YES;
				CLANG_WARN_UNGUARDED_AVAILABILITY = YES_AGGRESSIVE;
				CLANG_WARN_UNREACHABLE_CODE = YES;
				CLANG_WARN__DUPLICATE_METHOD_MATCH = YES;
				CODE_SIGN_IDENTITY = "iPhone Developer";
				COPY_PHASE_STRIP = NO;
				DEBUG_INFORMATION_FORMAT = "dwarf-with-dsym";
				ENABLE_NS_ASSERTIONS = NO;
				ENABLE_STRICT_OBJC_MSGSEND = YES;
				GCC_C_LANGUAGE_STANDARD = gnu11;
				GCC_NO_COMMON_BLOCKS = YES;
				GCC_WARN_64_TO_32_BIT_CONVERSION = YES;
				GCC_WARN_ABOUT_RETURN_TYPE = YES_ERROR;
				GCC_WARN_UNDECLARED_SELECTOR = YES;
				GCC_WARN_UNINITIALIZED_AUTOS = YES_AGGRESSIVE;
				GCC_WARN_UNUSED_FUNCTION = YES;
				GCC_WARN_UNUSED_VARIABLE = YES;
				IPHONEOS_DEPLOYMENT_TARGET = 11.0;
				MTL_ENABLE_DEBUG_INFO = NO;
				SDKROOT = iphoneos;
				SWIFT_OPTIMIZATION_LEVEL = "-Owholemodule";
				VALIDATE_PRODUCT = YES;
			};
			name = Release;
		};
		493AFF381FBACB6700F99B71 /* Debug */ = {
			isa = XCBuildConfiguration;
			buildSettings = {
				ASSETCATALOG_COMPILER_APPICON_NAME = AppIcon;
				CODE_SIGN_STYLE = Automatic;
				DEVELOPMENT_TEAM = L7B3TWY6K6;
				INFOPLIST_FILE = Parquility/Info.plist;
				LD_RUNPATH_SEARCH_PATHS = "$(inherited) @executable_path/Frameworks";
				PRODUCT_BUNDLE_IDENTIFIER = com.pankaj.Parquility;
				PRODUCT_NAME = "$(TARGET_NAME)";
				SWIFT_VERSION = 4.0;
				TARGETED_DEVICE_FAMILY = "1,2";
			};
			name = Debug;
		};
		493AFF391FBACB6700F99B71 /* Release */ = {
			isa = XCBuildConfiguration;
			buildSettings = {
				ASSETCATALOG_COMPILER_APPICON_NAME = AppIcon;
				CODE_SIGN_STYLE = Automatic;
				DEVELOPMENT_TEAM = L7B3TWY6K6;
				INFOPLIST_FILE = Parquility/Info.plist;
				LD_RUNPATH_SEARCH_PATHS = "$(inherited) @executable_path/Frameworks";
				PRODUCT_BUNDLE_IDENTIFIER = com.pankaj.Parquility;
				PRODUCT_NAME = "$(TARGET_NAME)";
				SWIFT_VERSION = 4.0;
				TARGETED_DEVICE_FAMILY = "1,2";
			};
			name = Release;
		};
/* End XCBuildConfiguration section */

/* Begin XCConfigurationList section */
		493AFF201FBACB6600F99B71 /* Build configuration list for PBXProject "Parquility" */ = {
			isa = XCConfigurationList;
			buildConfigurations = (
				493AFF351FBACB6700F99B71 /* Debug */,
				493AFF361FBACB6700F99B71 /* Release */,
			);
			defaultConfigurationIsVisible = 0;
			defaultConfigurationName = Release;
		};
		493AFF371FBACB6700F99B71 /* Build configuration list for PBXNativeTarget "Parquility" */ = {
			isa = XCConfigurationList;
			buildConfigurations = (
				493AFF381FBACB6700F99B71 /* Debug */,
				493AFF391FBACB6700F99B71 /* Release */,
			);
			defaultConfigurationIsVisible = 0;
			defaultConfigurationName = Release;
		};
/* End XCConfigurationList section */
	};
	rootObject = 493AFF1D1FBACB6600F99B71 /* Project object */;
}
